// !$*UTF8*$!
{
	archiveVersion = 1;
	classes = {
	};
	objectVersion = 46;
	objects = {

/* Begin PBXBuildFile section */
		D62048F11CD6DA1E00890681 /* main.m in Sources */ = {isa = PBXBuildFile; fileRef = D62048F01CD6DA1E00890681 /* main.m */; };
		D62048F41CD6DA1E00890681 /* AppDelegate.m in Sources */ = {isa = PBXBuildFile; fileRef = D62048F31CD6DA1E00890681 /* AppDelegate.m */; };
		D62048FC1CD6DA1E00890681 /* Assets.xcassets in Resources */ = {isa = PBXBuildFile; fileRef = D62048FB1CD6DA1E00890681 /* Assets.xcassets */; };
		D62048FF1CD6DA1E00890681 /* LaunchScreen.storyboard in Resources */ = {isa = PBXBuildFile; fileRef = D62048FD1CD6DA1E00890681 /* LaunchScreen.storyboard */; };
		D620490A1CD6DA1E00890681 /* XXWindowFloatItemDemoTests.m in Sources */ = {isa = PBXBuildFile; fileRef = D62049091CD6DA1E00890681 /* XXWindowFloatItemDemoTests.m */; };
		D62049151CD6DA1E00890681 /* XXWindowFloatItemDemoUITests.m in Sources */ = {isa = PBXBuildFile; fileRef = D62049141CD6DA1E00890681 /* XXWindowFloatItemDemoUITests.m */; };
		D62049251CD6DAAF00890681 /* XXWindow.m in Sources */ = {isa = PBXBuildFile; fileRef = D62049241CD6DAAF00890681 /* XXWindow.m */; };
		D62049281CD6E22000890681 /* XXFirstViewController.m in Sources */ = {isa = PBXBuildFile; fileRef = D62049271CD6E22000890681 /* XXFirstViewController.m */; };
		D620492B1CD6E23300890681 /* XXSecondViewController.m in Sources */ = {isa = PBXBuildFile; fileRef = D620492A1CD6E23300890681 /* XXSecondViewController.m */; };
		D620492E1CD6E24100890681 /* XXPopViewController.m in Sources */ = {isa = PBXBuildFile; fileRef = D620492D1CD6E24100890681 /* XXPopViewController.m */; };
/* End PBXBuildFile section */

/* Begin PBXContainerItemProxy section */
		D62049061CD6DA1E00890681 /* PBXContainerItemProxy */ = {
			isa = PBXContainerItemProxy;
			containerPortal = D62048E41CD6DA1E00890681 /* Project object */;
			proxyType = 1;
			remoteGlobalIDString = D62048EB1CD6DA1E00890681;
			remoteInfo = XXWindowFloatItemDemo;
		};
		D62049111CD6DA1E00890681 /* PBXContainerItemProxy */ = {
			isa = PBXContainerItemProxy;
			containerPortal = D62048E41CD6DA1E00890681 /* Project object */;
			proxyType = 1;
			remoteGlobalIDString = D62048EB1CD6DA1E00890681;
			remoteInfo = XXWindowFloatItemDemo;
		};
/* End PBXContainerItemProxy section */

/* Begin PBXFileReference section */
		D62048EC1CD6DA1E00890681 /* XXWindowFloatItemDemo.app */ = {isa = PBXFileReference; explicitFileType = wrapper.application; includeInIndex = 0; path = XXWindowFloatItemDemo.app; sourceTree = BUILT_PRODUCTS_DIR; };
		D62048F01CD6DA1E00890681 /* main.m */ = {isa = PBXFileReference; lastKnownFileType = sourcecode.c.objc; path = main.m; sourceTree = "<group>"; };
		D62048F21CD6DA1E00890681 /* AppDelegate.h */ = {isa = PBXFileReference; lastKnownFileType = sourcecode.c.h; path = AppDelegate.h; sourceTree = "<group>"; };
		D62048F31CD6DA1E00890681 /* AppDelegate.m */ = {isa = PBXFileReference; lastKnownFileType = sourcecode.c.objc; path = AppDelegate.m; sourceTree = "<group>"; };
		D62048FB1CD6DA1E00890681 /* Assets.xcassets */ = {isa = PBXFileReference; lastKnownFileType = folder.assetcatalog; path = Assets.xcassets; sourceTree = "<group>"; };
		D62048FE1CD6DA1E00890681 /* Base */ = {isa = PBXFileReference; lastKnownFileType = file.storyboard; name = Base; path = Base.lproj/LaunchScreen.storyboard; sourceTree = "<group>"; };
		D62049001CD6DA1E00890681 /* Info.plist */ = {isa = PBXFileReference; lastKnownFileType = text.plist.xml; path = Info.plist; sourceTree = "<group>"; };
		D62049051CD6DA1E00890681 /* XXWindowFloatItemDemoTests.xctest */ = {isa = PBXFileReference; explicitFileType = wrapper.cfbundle; includeInIndex = 0; path = XXWindowFloatItemDemoTests.xctest; sourceTree = BUILT_PRODUCTS_DIR; };
		D62049091CD6DA1E00890681 /* XXWindowFloatItemDemoTests.m */ = {isa = PBXFileReference; lastKnownFileType = sourcecode.c.objc; path = XXWindowFloatItemDemoTests.m; sourceTree = "<group>"; };
		D620490B1CD6DA1E00890681 /* Info.plist */ = {isa = PBXFileReference; lastKnownFileType = text.plist.xml; path = Info.plist; sourceTree = "<group>"; };
		D62049101CD6DA1E00890681 /* XXWindowFloatItemDemoUITests.xctest */ = {isa = PBXFileReference; explicitFileType = wrapper.cfbundle; includeInIndex = 0; path = XXWindowFloatItemDemoUITests.xctest; sourceTree = BUILT_PRODUCTS_DIR; };
		D62049141CD6DA1E00890681 /* XXWindowFloatItemDemoUITests.m */ = {isa = PBXFileReference; lastKnownFileType = sourcecode.c.objc; path = XXWindowFloatItemDemoUITests.m; sourceTree = "<group>"; };
		D62049161CD6DA1E00890681 /* Info.plist */ = {isa = PBXFileReference; lastKnownFileType = text.plist.xml; path = Info.plist; sourceTree = "<group>"; };
		D62049231CD6DAAF00890681 /* XXWindow.h */ = {isa = PBXFileReference; fileEncoding = 4; lastKnownFileType = sourcecode.c.h; path = XXWindow.h; sourceTree = "<group>"; };
		D62049241CD6DAAF00890681 /* XXWindow.m */ = {isa = PBXFileReference; fileEncoding = 4; lastKnownFileType = sourcecode.c.objc; path = XXWindow.m; sourceTree = "<group>"; };
		D62049261CD6E22000890681 /* XXFirstViewController.h */ = {isa = PBXFileReference; fileEncoding = 4; lastKnownFileType = sourcecode.c.h; path = XXFirstViewController.h; sourceTree = "<group>"; };
		D62049271CD6E22000890681 /* XXFirstViewController.m */ = {isa = PBXFileReference; fileEncoding = 4; lastKnownFileType = sourcecode.c.objc; path = XXFirstViewController.m; sourceTree = "<group>"; };
		D62049291CD6E23300890681 /* XXSecondViewController.h */ = {isa = PBXFileReference; fileEncoding = 4; lastKnownFileType = sourcecode.c.h; path = XXSecondViewController.h; sourceTree = "<group>"; };
		D620492A1CD6E23300890681 /* XXSecondViewController.m */ = {isa = PBXFileReference; fileEncoding = 4; lastKnownFileType = sourcecode.c.objc; path = XXSecondViewController.m; sourceTree = "<group>"; };
		D620492C1CD6E24100890681 /* XXPopViewController.h */ = {isa = PBXFileReference; fileEncoding = 4; lastKnownFileType = sourcecode.c.h; path = XXPopViewController.h; sourceTree = "<group>"; };
		D620492D1CD6E24100890681 /* XXPopViewController.m */ = {isa = PBXFileReference; fileEncoding = 4; lastKnownFileType = sourcecode.c.objc; path = XXPopViewController.m; sourceTree = "<group>"; };
/* End PBXFileReference section */

/* Begin PBXFrameworksBuildPhase section */
		D62048E91CD6DA1E00890681 /* Frameworks */ = {
			isa = PBXFrameworksBuildPhase;
			buildActionMask = 2147483647;
			files = (
			);
			runOnlyForDeploymentPostprocessing = 0;
		};
		D62049021CD6DA1E00890681 /* Frameworks */ = {
			isa = PBXFrameworksBuildPhase;
			buildActionMask = 2147483647;
			files = (
			);
			runOnlyForDeploymentPostprocessing = 0;
		};
		D620490D1CD6DA1E00890681 /* Frameworks */ = {
			isa = PBXFrameworksBuildPhase;
			buildActionMask = 2147483647;
			files = (
			);
			runOnlyForDeploymentPostprocessing = 0;
		};
/* End PBXFrameworksBuildPhase section */

/* Begin PBXGroup section */
		D62048E31CD6DA1E00890681 = {
			isa = PBXGroup;
			children = (
				D62048EE1CD6DA1E00890681 /* XXWindowFloatItemDemo */,
				D62049081CD6DA1E00890681 /* XXWindowFloatItemDemoTests */,
				D62049131CD6DA1E00890681 /* XXWindowFloatItemDemoUITests */,
				D62048ED1CD6DA1E00890681 /* Products */,
			);
			sourceTree = "<group>";
		};
		D62048ED1CD6DA1E00890681 /* Products */ = {
			isa = PBXGroup;
			children = (
				D62048EC1CD6DA1E00890681 /* XXWindowFloatItemDemo.app */,
				D62049051CD6DA1E00890681 /* XXWindowFloatItemDemoTests.xctest */,
				D62049101CD6DA1E00890681 /* XXWindowFloatItemDemoUITests.xctest */,
			);
			name = Products;
			sourceTree = "<group>";
		};
		D62048EE1CD6DA1E00890681 /* XXWindowFloatItemDemo */ = {
			isa = PBXGroup;
			children = (
				D62049221CD6DA9A00890681 /* XXWindow */,
				D62048F21CD6DA1E00890681 /* AppDelegate.h */,
				D62048F31CD6DA1E00890681 /* AppDelegate.m */,
				D62049261CD6E22000890681 /* XXFirstViewController.h */,
				D62049271CD6E22000890681 /* XXFirstViewController.m */,
				D62049291CD6E23300890681 /* XXSecondViewController.h */,
				D620492A1CD6E23300890681 /* XXSecondViewController.m */,
				D620492C1CD6E24100890681 /* XXPopViewController.h */,
				D620492D1CD6E24100890681 /* XXPopViewController.m */,
				D62048FB1CD6DA1E00890681 /* Assets.xcassets */,
				D62048FD1CD6DA1E00890681 /* LaunchScreen.storyboard */,
				D62049001CD6DA1E00890681 /* Info.plist */,
				D62048EF1CD6DA1E00890681 /* Supporting Files */,
			);
			path = XXWindowFloatItemDemo;
			sourceTree = "<group>";
		};
		D62048EF1CD6DA1E00890681 /* Supporting Files */ = {
			isa = PBXGroup;
			children = (
				D62048F01CD6DA1E00890681 /* main.m */,
			);
			name = "Supporting Files";
			sourceTree = "<group>";
		};
		D62049081CD6DA1E00890681 /* XXWindowFloatItemDemoTests */ = {
			isa = PBXGroup;
			children = (
				D62049091CD6DA1E00890681 /* XXWindowFloatItemDemoTests.m */,
				D620490B1CD6DA1E00890681 /* Info.plist */,
			);
			path = XXWindowFloatItemDemoTests;
			sourceTree = "<group>";
		};
		D62049131CD6DA1E00890681 /* XXWindowFloatItemDemoUITests */ = {
			isa = PBXGroup;
			children = (
				D62049141CD6DA1E00890681 /* XXWindowFloatItemDemoUITests.m */,
				D62049161CD6DA1E00890681 /* Info.plist */,
			);
			path = XXWindowFloatItemDemoUITests;
			sourceTree = "<group>";
		};
		D62049221CD6DA9A00890681 /* XXWindow */ = {
			isa = PBXGroup;
			children = (
				D62049231CD6DAAF00890681 /* XXWindow.h */,
				D62049241CD6DAAF00890681 /* XXWindow.m */,
			);
			path = XXWindow;
			sourceTree = "<group>";
		};
/* End PBXGroup section */

/* Begin PBXNativeTarget section */
		D62048EB1CD6DA1E00890681 /* XXWindowFloatItemDemo */ = {
			isa = PBXNativeTarget;
			buildConfigurationList = D62049191CD6DA1E00890681 /* Build configuration list for PBXNativeTarget "XXWindowFloatItemDemo" */;
			buildPhases = (
				D62048E81CD6DA1E00890681 /* Sources */,
				D62048E91CD6DA1E00890681 /* Frameworks */,
				D62048EA1CD6DA1E00890681 /* Resources */,
			);
			buildRules = (
			);
			dependencies = (
			);
			name = XXWindowFloatItemDemo;
			productName = XXWindowFloatItemDemo;
			productReference = D62048EC1CD6DA1E00890681 /* XXWindowFloatItemDemo.app */;
			productType = "com.apple.product-type.application";
		};
		D62049041CD6DA1E00890681 /* XXWindowFloatItemDemoTests */ = {
			isa = PBXNativeTarget;
			buildConfigurationList = D620491C1CD6DA1E00890681 /* Build configuration list for PBXNativeTarget "XXWindowFloatItemDemoTests" */;
			buildPhases = (
				D62049011CD6DA1E00890681 /* Sources */,
				D62049021CD6DA1E00890681 /* Frameworks */,
				D62049031CD6DA1E00890681 /* Resources */,
			);
			buildRules = (
			);
			dependencies = (
				D62049071CD6DA1E00890681 /* PBXTargetDependency */,
			);
			name = XXWindowFloatItemDemoTests;
			productName = XXWindowFloatItemDemoTests;
			productReference = D62049051CD6DA1E00890681 /* XXWindowFloatItemDemoTests.xctest */;
			productType = "com.apple.product-type.bundle.unit-test";
		};
		D620490F1CD6DA1E00890681 /* XXWindowFloatItemDemoUITests */ = {
			isa = PBXNativeTarget;
			buildConfigurationList = D620491F1CD6DA1E00890681 /* Build configuration list for PBXNativeTarget "XXWindowFloatItemDemoUITests" */;
			buildPhases = (
				D620490C1CD6DA1E00890681 /* Sources */,
				D620490D1CD6DA1E00890681 /* Frameworks */,
				D620490E1CD6DA1E00890681 /* Resources */,
			);
			buildRules = (
			);
			dependencies = (
				D62049121CD6DA1E00890681 /* PBXTargetDependency */,
			);
			name = XXWindowFloatItemDemoUITests;
			productName = XXWindowFloatItemDemoUITests;
			productReference = D62049101CD6DA1E00890681 /* XXWindowFloatItemDemoUITests.xctest */;
			productType = "com.apple.product-type.bundle.ui-testing";
		};
/* End PBXNativeTarget section */

/* Begin PBXProject section */
		D62048E41CD6DA1E00890681 /* Project object */ = {
			isa = PBXProject;
			attributes = {
				LastUpgradeCheck = 1320;
				ORGANIZATIONNAME = lmx;
				TargetAttributes = {
					D62048EB1CD6DA1E00890681 = {
						CreatedOnToolsVersion = 7.2.1;
					};
					D62049041CD6DA1E00890681 = {
						CreatedOnToolsVersion = 7.2.1;
						TestTargetID = D62048EB1CD6DA1E00890681;
					};
					D620490F1CD6DA1E00890681 = {
						CreatedOnToolsVersion = 7.2.1;
						TestTargetID = D62048EB1CD6DA1E00890681;
					};
				};
			};
			buildConfigurationList = D62048E71CD6DA1E00890681 /* Build configuration list for PBXProject "XXWindowFloatItemDemo" */;
			compatibilityVersion = "Xcode 3.2";
			developmentRegion = en;
			hasScannedForEncodings = 0;
			knownRegions = (
				en,
				Base,
			);
			mainGroup = D62048E31CD6DA1E00890681;
			productRefGroup = D62048ED1CD6DA1E00890681 /* Products */;
			projectDirPath = "";
			projectRoot = "";
			targets = (
				D62048EB1CD6DA1E00890681 /* XXWindowFloatItemDemo */,
				D62049041CD6DA1E00890681 /* XXWindowFloatItemDemoTests */,
				D620490F1CD6DA1E00890681 /* XXWindowFloatItemDemoUITests */,
			);
		};
/* End PBXProject section */

/* Begin PBXResourcesBuildPhase section */
		D62048EA1CD6DA1E00890681 /* Resources */ = {
			isa = PBXResourcesBuildPhase;
			buildActionMask = 2147483647;
			files = (
				D62048FF1CD6DA1E00890681 /* LaunchScreen.storyboard in Resources */,
				D62048FC1CD6DA1E00890681 /* Assets.xcassets in Resources */,
			);
			runOnlyForDeploymentPostprocessing = 0;
		};
		D62049031CD6DA1E00890681 /* Resources */ = {
			isa = PBXResourcesBuildPhase;
			buildActionMask = 2147483647;
			files = (
			);
			runOnlyForDeploymentPostprocessing = 0;
		};
		D620490E1CD6DA1E00890681 /* Resources */ = {
			isa = PBXResourcesBuildPhase;
			buildActionMask = 2147483647;
			files = (
			);
			runOnlyForDeploymentPostprocessing = 0;
		};
/* End PBXResourcesBuildPhase section */

/* Begin PBXSourcesBuildPhase section */
		D62048E81CD6DA1E00890681 /* Sources */ = {
			isa = PBXSourcesBuildPhase;
			buildActionMask = 2147483647;
			files = (
				D62049251CD6DAAF00890681 /* XXWindow.m in Sources */,
				D62049281CD6E22000890681 /* XXFirstViewController.m in Sources */,
				D620492E1CD6E24100890681 /* XXPopViewController.m in Sources */,
				D62048F41CD6DA1E00890681 /* AppDelegate.m in Sources */,
				D62048F11CD6DA1E00890681 /* main.m in Sources */,
				D620492B1CD6E23300890681 /* XXSecondViewController.m in Sources */,
			);
			runOnlyForDeploymentPostprocessing = 0;
		};
		D62049011CD6DA1E00890681 /* Sources */ = {
			isa = PBXSourcesBuildPhase;
			buildActionMask = 2147483647;
			files = (
				D620490A1CD6DA1E00890681 /* XXWindowFloatItemDemoTests.m in Sources */,
			);
			runOnlyForDeploymentPostprocessing = 0;
		};
		D620490C1CD6DA1E00890681 /* Sources */ = {
			isa = PBXSourcesBuildPhase;
			buildActionMask = 2147483647;
			files = (
				D62049151CD6DA1E00890681 /* XXWindowFloatItemDemoUITests.m in Sources */,
			);
			runOnlyForDeploymentPostprocessing = 0;
		};
/* End PBXSourcesBuildPhase section */

/* Begin PBXTargetDependency section */
		D62049071CD6DA1E00890681 /* PBXTargetDependency */ = {
			isa = PBXTargetDependency;
			target = D62048EB1CD6DA1E00890681 /* XXWindowFloatItemDemo */;
			targetProxy = D62049061CD6DA1E00890681 /* PBXContainerItemProxy */;
		};
		D62049121CD6DA1E00890681 /* PBXTargetDependency */ = {
			isa = PBXTargetDependency;
			target = D62048EB1CD6DA1E00890681 /* XXWindowFloatItemDemo */;
			targetProxy = D62049111CD6DA1E00890681 /* PBXContainerItemProxy */;
		};
/* End PBXTargetDependency section */

/* Begin PBXVariantGroup section */
		D62048FD1CD6DA1E00890681 /* LaunchScreen.storyboard */ = {
			isa = PBXVariantGroup;
			children = (
				D62048FE1CD6DA1E00890681 /* Base */,
			);
			name = LaunchScreen.storyboard;
			sourceTree = "<group>";
		};
/* End PBXVariantGroup section */

/* Begin XCBuildConfiguration section */
		D62049171CD6DA1E00890681 /* Debug */ = {
			isa = XCBuildConfiguration;
			buildSettings = {
				ALWAYS_SEARCH_USER_PATHS = NO;
				CLANG_ANALYZER_LOCALIZABILITY_NONLOCALIZED = YES;
				CLANG_CXX_LANGUAGE_STANDARD = "gnu++0x";
				CLANG_CXX_LIBRARY = "libc++";
				CLANG_ENABLE_MODULES = YES;
				CLANG_ENABLE_OBJC_ARC = YES;
				CLANG_WARN_BLOCK_CAPTURE_AUTORELEASING = YES;
				CLANG_WARN_BOOL_CONVERSION = YES;
				CLANG_WARN_COMMA = YES;
				CLANG_WARN_CONSTANT_CONVERSION = YES;
				CLANG_WARN_DEPRECATED_OBJC_IMPLEMENTATIONS = YES;
				CLANG_WARN_DIRECT_OBJC_ISA_USAGE = YES_ERROR;
				CLANG_WARN_EMPTY_BODY = YES;
				CLANG_WARN_ENUM_CONVERSION = YES;
				CLANG_WARN_INFINITE_RECURSION = YES;
				CLANG_WARN_INT_CONVERSION = YES;
				CLANG_WARN_NON_LITERAL_NULL_CONVERSION = YES;
				CLANG_WARN_OBJC_IMPLICIT_RETAIN_SELF = YES;
				CLANG_WARN_OBJC_LITERAL_CONVERSION = YES;
				CLANG_WARN_OBJC_ROOT_CLASS = YES_ERROR;
				CLANG_WARN_QUOTED_INCLUDE_IN_FRAMEWORK_HEADER = YES;
				CLANG_WARN_RANGE_LOOP_ANALYSIS = YES;
				CLANG_WARN_STRICT_PROTOTYPES = YES;
				CLANG_WARN_SUSPICIOUS_MOVE = YES;
				CLANG_WARN_UNREACHABLE_CODE = YES;
				CLANG_WARN__DUPLICATE_METHOD_MATCH = YES;
				"CODE_SIGN_IDENTITY[sdk=iphoneos*]" = "iPhone Developer";
				COPY_PHASE_STRIP = NO;
				DEBUG_INFORMATION_FORMAT = dwarf;
				ENABLE_STRICT_OBJC_MSGSEND = YES;
				ENABLE_TESTABILITY = YES;
				GCC_C_LANGUAGE_STANDARD = gnu99;
				GCC_DYNAMIC_NO_PIC = NO;
				GCC_NO_COMMON_BLOCKS = YES;
				GCC_OPTIMIZATION_LEVEL = 0;
				GCC_PREPROCESSOR_DEFINITIONS = (
					"DEBUG=1",
					"$(inherited)",
				);
				GCC_WARN_64_TO_32_BIT_CONVERSION = YES;
				GCC_WARN_ABOUT_RETURN_TYPE = YES_ERROR;
				GCC_WARN_UNDECLARED_SELECTOR = YES;
				GCC_WARN_UNINITIALIZED_AUTOS = YES_AGGRESSIVE;
				GCC_WARN_UNUSED_FUNCTION = YES;
				GCC_WARN_UNUSED_VARIABLE = YES;
				IPHONEOS_DEPLOYMENT_TARGET = 12.0;
				MTL_ENABLE_DEBUG_INFO = YES;
				ONLY_ACTIVE_ARCH = YES;
				SDKROOT = iphoneos;
				TARGETED_DEVICE_FAMILY = "1,2";
			};
			name = Debug;
		};
		D62049181CD6DA1E00890681 /* Release */ = {
			isa = XCBuildConfiguration;
			buildSettings = {
				ALWAYS_SEARCH_USER_PATHS = NO;
				CLANG_ANALYZER_LOCALIZABILITY_NONLOCALIZED = YES;
				CLANG_CXX_LANGUAGE_STANDARD = "gnu++0x";
				CLANG_CXX_LIBRARY = "libc++";
				CLANG_ENABLE_MODULES = YES;
				CLANG_ENABLE_OBJC_ARC = YES;
				CLANG_WARN_BLOCK_CAPTURE_AUTORELEASING = YES;
				CLANG_WARN_BOOL_CONVERSION = YES;
				CLANG_WARN_COMMA = YES;
				CLANG_WARN_CONSTANT_CONVERSION = YES;
				CLANG_WARN_DEPRECATED_OBJC_IMPLEMENTATIONS = YES;
				CLANG_WARN_DIRECT_OBJC_ISA_USAGE = YES_ERROR;
				CLANG_WARN_EMPTY_BODY = YES;
				CLANG_WARN_ENUM_CONVERSION = YES;
				CLANG_WARN_INFINITE_RECURSION = YES;
				CLANG_WARN_INT_CONVERSION = YES;
				CLANG_WARN_NON_LITERAL_NULL_CONVERSION = YES;
				CLANG_WARN_OBJC_IMPLICIT_RETAIN_SELF = YES;
				CLANG_WARN_OBJC_LITERAL_CONVERSION = YES;
				CLANG_WARN_OBJC_ROOT_CLASS = YES_ERROR;
				CLANG_WARN_QUOTED_INCLUDE_IN_FRAMEWORK_HEADER = YES;
				CLANG_WARN_RANGE_LOOP_ANALYSIS = YES;
				CLANG_WARN_STRICT_PROTOTYPES = YES;
				CLANG_WARN_SUSPICIOUS_MOVE = YES;
				CLANG_WARN_UNREACHABLE_CODE = YES;
				CLANG_WARN__DUPLICATE_METHOD_MATCH = YES;
				"CODE_SIGN_IDENTITY[sdk=iphoneos*]" = "iPhone Developer";
				COPY_PHASE_STRIP = NO;
				DEBUG_INFORMATION_FORMAT = "dwarf-with-dsym";
				ENABLE_NS_ASSERTIONS = NO;
				ENABLE_STRICT_OBJC_MSGSEND = YES;
				GCC_C_LANGUAGE_STANDARD = gnu99;
				GCC_NO_COMMON_BLOCKS = YES;
				GCC_WARN_64_TO_32_BIT_CONVERSION = YES;
				GCC_WARN_ABOUT_RETURN_TYPE = YES_ERROR;
				GCC_WARN_UNDECLARED_SELECTOR = YES;
				GCC_WARN_UNINITIALIZED_AUTOS = YES_AGGRESSIVE;
				GCC_WARN_UNUSED_FUNCTION = YES;
				GCC_WARN_UNUSED_VARIABLE = YES;
				IPHONEOS_DEPLOYMENT_TARGET = 12.0;
				MTL_ENABLE_DEBUG_INFO = NO;
				SDKROOT = iphoneos;
				TARGETED_DEVICE_FAMILY = "1,2";
				VALIDATE_PRODUCT = YES;
			};
			name = Release;
		};
		D620491A1CD6DA1E00890681 /* Debug */ = {
			isa = XCBuildConfiguration;
			buildSettings = {
				ASSETCATALOG_COMPILER_APPICON_NAME = AppIcon;
				INFOPLIST_FILE = XXWindowFloatItemDemo/Info.plist;
				LD_RUNPATH_SEARCH_PATHS = "$(inherited) @executable_path/Frameworks";
				PRODUCT_BUNDLE_IDENTIFIER = com.hpplay.XXWindowFloatItemDemo;
				PRODUCT_NAME = "$(TARGET_NAME)";
			};
			name = Debug;
		};
		D620491B1CD6DA1E00890681 /* Release */ = {
			isa = XCBuildConfiguration;
			buildSettings = {
				ASSETCATALOG_COMPILER_APPICON_NAME = AppIcon;
				INFOPLIST_FILE = XXWindowFloatItemDemo/Info.plist;
				LD_RUNPATH_SEARCH_PATHS = "$(inherited) @executable_path/Frameworks";
				PRODUCT_BUNDLE_IDENTIFIER = com.hpplay.XXWindowFloatItemDemo;
				PRODUCT_NAME = "$(TARGET_NAME)";
			};
			name = Release;
		};
		D620491D1CD6DA1E00890681 /* Debug */ = {
			isa = XCBuildConfiguration;
			buildSettings = {
				BUNDLE_LOADER = "$(TEST_HOST)";
				INFOPLIST_FILE = XXWindowFloatItemDemoTests/Info.plist;
				LD_RUNPATH_SEARCH_PATHS = "$(inherited) @executable_path/Frameworks @loader_path/Frameworks";
				PRODUCT_BUNDLE_IDENTIFIER = com.hpplay.XXWindowFloatItemDemoTests;
				PRODUCT_NAME = "$(TARGET_NAME)";
				TEST_HOST = "$(BUILT_PRODUCTS_DIR)/XXWindowFloatItemDemo.app/XXWindowFloatItemDemo";
			};
			name = Debug;
		};
		D620491E1CD6DA1E00890681 /* Release */ = {
			isa = XCBuildConfiguration;
			buildSettings = {
				BUNDLE_LOADER = "$(TEST_HOST)";
				INFOPLIST_FILE = XXWindowFloatItemDemoTests/Info.plist;
				LD_RUNPATH_SEARCH_PATHS = "$(inherited) @executable_path/Frameworks @loader_path/Frameworks";
				PRODUCT_BUNDLE_IDENTIFIER = com.hpplay.XXWindowFloatItemDemoTests;
				PRODUCT_NAME = "$(TARGET_NAME)";
				TEST_HOST = "$(BUILT_PRODUCTS_DIR)/XXWindowFloatItemDemo.app/XXWindowFloatItemDemo";
			};
			name = Release;
		};
		D62049201CD6DA1E00890681 /* Debug */ = {
			isa = XCBuildConfiguration;
			buildSettings = {
				INFOPLIST_FILE = XXWindowFloatItemDemoUITests/Info.plist;
				LD_RUNPATH_SEARCH_PATHS = "$(inherited) @executable_path/Frameworks @loader_path/Frameworks";
				PRODUCT_BUNDLE_IDENTIFIER = com.hpplay.XXWindowFloatItemDemoUITests;
				PRODUCT_NAME = "$(TARGET_NAME)";
				TEST_TARGET_NAME = XXWindowFloatItemDemo;
				USES_XCTRUNNER = YES;
			};
			name = Debug;
		};
		D62049211CD6DA1E00890681 /* Release */ = {
			isa = XCBuildConfiguration;
			buildSettings = {
				INFOPLIST_FILE = XXWindowFloatItemDemoUITests/Info.plist;
				LD_RUNPATH_SEARCH_PATHS = "$(inherited) @executable_path/Frameworks @loader_path/Frameworks";
				PRODUCT_BUNDLE_IDENTIFIER = com.hpplay.XXWindowFloatItemDemoUITests;
				PRODUCT_NAME = "$(TARGET_NAME)";
				TEST_TARGET_NAME = XXWindowFloatItemDemo;
				USES_XCTRUNNER = YES;
			};
			name = Release;
		};
/* End XCBuildConfiguration section */

/* Begin XCConfigurationList section */
		D62048E71CD6DA1E00890681 /* Build configuration list for PBXProject "XXWindowFloatItemDemo" */ = {
			isa = XCConfigurationList;
			buildConfigurations = (
				D62049171CD6DA1E00890681 /* Debug */,
				D62049181CD6DA1E00890681 /* Release */,
			);
			defaultConfigurationIsVisible = 0;
			defaultConfigurationName = Release;
		};
		D62049191CD6DA1E00890681 /* Build configuration list for PBXNativeTarget "XXWindowFloatItemDemo" */ = {
			isa = XCConfigurationList;
			buildConfigurations = (
				D620491A1CD6DA1E00890681 /* Debug */,
				D620491B1CD6DA1E00890681 /* Release */,
			);
			defaultConfigurationIsVisible = 0;
			defaultConfigurationName = Release;
		};
		D620491C1CD6DA1E00890681 /* Build configuration list for PBXNativeTarget "XXWindowFloatItemDemoTests" */ = {
			isa = XCConfigurationList;
			buildConfigurations = (
				D620491D1CD6DA1E00890681 /* Debug */,
				D620491E1CD6DA1E00890681 /* Release */,
			);
			defaultConfigurationIsVisible = 0;
			defaultConfigurationName = Release;
		};
		D620491F1CD6DA1E00890681 /* Build configuration list for PBXNativeTarget "XXWindowFloatItemDemoUITests" */ = {
			isa = XCConfigurationList;
			buildConfigurations = (
				D62049201CD6DA1E00890681 /* Debug */,
				D62049211CD6DA1E00890681 /* Release */,
			);
			defaultConfigurationIsVisible = 0;
			defaultConfigurationName = Release;
		};
/* End XCConfigurationList section */
	};
	rootObject = D62048E41CD6DA1E00890681 /* Project object */;
}
